
Microsoft Visual Studio Solution File, Format Version 12.00
# Visual Studio Version 17
VisualStudioVersion = 17.3.32819.101
MinimumVisualStudioVersion = 10.0.40219.1
Project("{888888A0-9F3D-457C-B088-3A5042F75D52}") = "Programming Assignment_M03_List .ipynb", "Programming Assignment_M03_List .ipynb\Programming Assignment_M03_List .ipynb.pyproj", "{47A3138D-A8A3-4643-B742-8A361510BFE8}"
EndProject
Global
	GlobalSection(SolutionConfigurationPlatforms) = preSolution
		Debug|Any CPU = Debug|Any CPU
		Release|Any CPU = Release|Any CPU
	EndGlobalSection
	GlobalSection(ProjectConfigurationPlatforms) = postSolution
		{47A3138D-A8A3-4643-B742-8A361510BFE8}.Debug|Any CPU.ActiveCfg = Debug|Any CPU
		{47A3138D-A8A3-4643-B742-8A361510BFE8}.Release|Any CPU.ActiveCfg = Release|Any CPU
	EndGlobalSection
	GlobalSection(SolutionProperties) = preSolution
		HideSolutionNode = FALSE
	EndGlobalSection
	GlobalSection(ExtensibilityGlobals) = postSolution
		SolutionGuid = {A380D67F-AE28-4849-B2AD-94BA9814DD18}
	EndGlobalSection
EndGlobal
